
Microsoft Visual Studio Solution File, Format Version 12.00
# Visual Studio 15
Project("{FAE04EC0-301F-11D3-BF4B-00C04F79EFBC}") = "VuforiaScripts", "VuforiaScripts.csproj", "{8E12B360-8863-0C25-0E56-653FCC5C6634}"
EndProject
Project("{FAE04EC0-301F-11D3-BF4B-00C04F79EFBC}") = "VuforiaEditorScripts", "VuforiaEditorScripts.csproj", "{EBAE5F9D-4E14-2739-A961-D927913498DE}"
EndProject
Global
	GlobalSection(SolutionConfigurationPlatforms) = preSolution
		Debug|Any CPU = Debug|Any CPU
		Release|Any CPU = Release|Any CPU
	EndGlobalSection
	GlobalSection(ProjectConfigurationPlatforms) = postSolution
		{8E12B360-8863-0C25-0E56-653FCC5C6634}.Debug|Any CPU.ActiveCfg = Debug|Any CPU
		{8E12B360-8863-0C25-0E56-653FCC5C6634}.Debug|Any CPU.Build.0 = Debug|Any CPU
		{8E12B360-8863-0C25-0E56-653FCC5C6634}.Release|Any CPU.ActiveCfg = Release|Any CPU
		{8E12B360-8863-0C25-0E56-653FCC5C6634}.Release|Any CPU.Build.0 = Release|Any CPU
		{EBAE5F9D-4E14-2739-A961-D927913498DE}.Debug|Any CPU.ActiveCfg = Debug|Any CPU
		{EBAE5F9D-4E14-2739-A961-D927913498DE}.Debug|Any CPU.Build.0 = Debug|Any CPU
		{EBAE5F9D-4E14-2739-A961-D927913498DE}.Release|Any CPU.ActiveCfg = Release|Any CPU
		{EBAE5F9D-4E14-2739-A961-D927913498DE}.Release|Any CPU.Build.0 = Release|Any CPU
	EndGlobalSection
	GlobalSection(SolutionProperties) = preSolution
		HideSolutionNode = FALSE
	EndGlobalSection
EndGlobal
